
Microsoft Visual Studio Solution File, Format Version 12.00
# Visual Studio 15
Project("{FAE04EC0-301F-11D3-BF4B-00C04F79EFBC}") = "Assembly-CSharp", "Assembly-CSharp.csproj", "{B3EF256C-470A-05AB-ED79-6AEA83F23B77}"
EndProject
Project("{FAE04EC0-301F-11D3-BF4B-00C04F79EFBC}") = "Assembly-CSharp-Editor", "Assembly-CSharp-Editor.csproj", "{C1ED7F4E-204A-A1DF-1B9A-5C42FA56B1B0}"
EndProject
Global
	GlobalSection(SolutionConfigurationPlatforms) = preSolution
		Debug|Any CPU = Debug|Any CPU
		Release|Any CPU = Release|Any CPU
	EndGlobalSection
	GlobalSection(ProjectConfigurationPlatforms) = postSolution
		{B3EF256C-470A-05AB-ED79-6AEA83F23B77}.Debug|Any CPU.ActiveCfg = Debug|Any CPU
		{B3EF256C-470A-05AB-ED79-6AEA83F23B77}.Debug|Any CPU.Build.0 = Debug|Any CPU
		{B3EF256C-470A-05AB-ED79-6AEA83F23B77}.Release|Any CPU.ActiveCfg = Release|Any CPU
		{B3EF256C-470A-05AB-ED79-6AEA83F23B77}.Release|Any CPU.Build.0 = Release|Any CPU
		{C1ED7F4E-204A-A1DF-1B9A-5C42FA56B1B0}.Debug|Any CPU.ActiveCfg = Debug|Any CPU
		{C1ED7F4E-204A-A1DF-1B9A-5C42FA56B1B0}.Debug|Any CPU.Build.0 = Debug|Any CPU
		{C1ED7F4E-204A-A1DF-1B9A-5C42FA56B1B0}.Release|Any CPU.ActiveCfg = Release|Any CPU
		{C1ED7F4E-204A-A1DF-1B9A-5C42FA56B1B0}.Release|Any CPU.Build.0 = Release|Any CPU
	EndGlobalSection
	GlobalSection(SolutionProperties) = preSolution
		HideSolutionNode = FALSE
	EndGlobalSection
EndGlobal
